
Microsoft Visual Studio Solution File, Format Version 12.00
# Visual Studio 15
VisualStudioVersion = 15.0.27130.2010
MinimumVisualStudioVersion = 10.0.40219.1
Project("{FAE04EC0-301F-11D3-BF4B-00C04F79EFBC}") = "portfolio", "portfolio\portfolio.csproj", "{A3BB4574-779C-4AD1-BBEC-7B79245D5CCB}"
EndProject
Global
	GlobalSection(SolutionConfigurationPlatforms) = preSolution
		Debug|Any CPU = Debug|Any CPU
		Release|Any CPU = Release|Any CPU
	EndGlobalSection
	GlobalSection(ProjectConfigurationPlatforms) = postSolution
		{A3BB4574-779C-4AD1-BBEC-7B79245D5CCB}.Debug|Any CPU.ActiveCfg = Debug|Any CPU
		{A3BB4574-779C-4AD1-BBEC-7B79245D5CCB}.Debug|Any CPU.Build.0 = Debug|Any CPU
		{A3BB4574-779C-4AD1-BBEC-7B79245D5CCB}.Release|Any CPU.ActiveCfg = Release|Any CPU
		{A3BB4574-779C-4AD1-BBEC-7B79245D5CCB}.Release|Any CPU.Build.0 = Release|Any CPU
	EndGlobalSection
	GlobalSection(SolutionProperties) = preSolution
		HideSolutionNode = FALSE
	EndGlobalSection
	GlobalSection(ExtensibilityGlobals) = postSolution
		SolutionGuid = {C301963C-C8D5-477E-8C74-764B174D249F}
	EndGlobalSection
EndGlobal
