
Microsoft Visual Studio Solution File, Format Version 12.00
# Visual Studio 15
VisualStudioVersion = 15.0.27130.2010
MinimumVisualStudioVersion = 10.0.40219.1
Project("{FAE04EC0-301F-11D3-BF4B-00C04F79EFBC}") = "portfolio", "portfolio\portfolio.csproj", "{3F952636-7410-482C-A757-28D9F0CB858B}"
EndProject
Global
	GlobalSection(SolutionConfigurationPlatforms) = preSolution
		Debug|Any CPU = Debug|Any CPU
		Release|Any CPU = Release|Any CPU
	EndGlobalSection
	GlobalSection(ProjectConfigurationPlatforms) = postSolution
		{3F952636-7410-482C-A757-28D9F0CB858B}.Debug|Any CPU.ActiveCfg = Debug|Any CPU
		{3F952636-7410-482C-A757-28D9F0CB858B}.Debug|Any CPU.Build.0 = Debug|Any CPU
		{3F952636-7410-482C-A757-28D9F0CB858B}.Release|Any CPU.ActiveCfg = Release|Any CPU
		{3F952636-7410-482C-A757-28D9F0CB858B}.Release|Any CPU.Build.0 = Release|Any CPU
	EndGlobalSection
	GlobalSection(SolutionProperties) = preSolution
		HideSolutionNode = FALSE
	EndGlobalSection
	GlobalSection(ExtensibilityGlobals) = postSolution
		SolutionGuid = {E8F214D8-AA05-4478-83C1-7B5E109994E9}
	EndGlobalSection
EndGlobal
